// !$*UTF8*$!
{
	archiveVersion = 1;
	classes = {
	};
	objectVersion = 46;
	objects = {

/* Begin PBXBuildFile section */
		94C025BE16D2886D005A62B0 /* UIKit.framework in Frameworks */ = {isa = PBXBuildFile; fileRef = 94C025BD16D2886D005A62B0 /* UIKit.framework */; };
		94C025C016D2886D005A62B0 /* Foundation.framework in Frameworks */ = {isa = PBXBuildFile; fileRef = 94C025BF16D2886D005A62B0 /* Foundation.framework */; };
		94C025C216D2886D005A62B0 /* CoreGraphics.framework in Frameworks */ = {isa = PBXBuildFile; fileRef = 94C025C116D2886D005A62B0 /* CoreGraphics.framework */; };
		94C025C816D2886D005A62B0 /* InfoPlist.strings in Resources */ = {isa = PBXBuildFile; fileRef = 94C025C616D2886D005A62B0 /* InfoPlist.strings */; };
		94C025CA16D2886D005A62B0 /* main.m in Sources */ = {isa = PBXBuildFile; fileRef = 94C025C916D2886D005A62B0 /* main.m */; };
		94C025CE16D2886D005A62B0 /* AppDelegate.m in Sources */ = {isa = PBXBuildFile; fileRef = 94C025CD16D2886D005A62B0 /* AppDelegate.m */; };
		94C025D016D2886D005A62B0 /* Default.png in Resources */ = {isa = PBXBuildFile; fileRef = 94C025CF16D2886D005A62B0 /* Default.png */; };
		94C025D216D2886D005A62B0 /* Default@2x.png in Resources */ = {isa = PBXBuildFile; fileRef = 94C025D116D2886D005A62B0 /* Default@2x.png */; };
		94C025D416D2886D005A62B0 /* Default-568h@2x.png in Resources */ = {isa = PBXBuildFile; fileRef = 94C025D316D2886D005A62B0 /* Default-568h@2x.png */; };
		94C025D716D2886D005A62B0 /* ViewController.m in Sources */ = {isa = PBXBuildFile; fileRef = 94C025D616D2886D005A62B0 /* ViewController.m */; };
		94C025DA16D2886D005A62B0 /* ViewController.xib in Resources */ = {isa = PBXBuildFile; fileRef = 94C025D816D2886D005A62B0 /* ViewController.xib */; };
/* End PBXBuildFile section */

/* Begin PBXFileReference section */
		94C025BA16D2886D005A62B0 /* BasicInteraction.app */ = {isa = PBXFileReference; explicitFileType = wrapper.application; includeInIndex = 0; path = BasicInteraction.app; sourceTree = BUILT_PRODUCTS_DIR; };
		94C025BD16D2886D005A62B0 /* UIKit.framework */ = {isa = PBXFileReference; lastKnownFileType = wrapper.framework; name = UIKit.framework; path = System/Library/Frameworks/UIKit.framework; sourceTree = SDKROOT; };
		94C025BF16D2886D005A62B0 /* Foundation.framework */ = {isa = PBXFileReference; lastKnownFileType = wrapper.framework; name = Foundation.framework; path = System/Library/Frameworks/Foundation.framework; sourceTree = SDKROOT; };
		94C025C116D2886D005A62B0 /* CoreGraphics.framework */ = {isa = PBXFileReference; lastKnownFileType = wrapper.framework; name = CoreGraphics.framework; path = System/Library/Frameworks/CoreGraphics.framework; sourceTree = SDKROOT; };
		94C025C516D2886D005A62B0 /* BasicInteraction-Info.plist */ = {isa = PBXFileReference; lastKnownFileType = text.plist.xml; path = "BasicInteraction-Info.plist"; sourceTree = "<group>"; };
		94C025C716D2886D005A62B0 /* en */ = {isa = PBXFileReference; lastKnownFileType = text.plist.strings; name = en; path = en.lproj/InfoPlist.strings; sourceTree = "<group>"; };
		94C025C916D2886D005A62B0 /* main.m */ = {isa = PBXFileReference; lastKnownFileType = sourcecode.c.objc; path = main.m; sourceTree = "<group>"; };
		94C025CB16D2886D005A62B0 /* BasicInteraction-Prefix.pch */ = {isa = PBXFileReference; lastKnownFileType = sourcecode.c.h; path = "BasicInteraction-Prefix.pch"; sourceTree = "<group>"; };
		94C025CC16D2886D005A62B0 /* AppDelegate.h */ = {isa = PBXFileReference; lastKnownFileType = sourcecode.c.h; path = AppDelegate.h; sourceTree = "<group>"; };
		94C025CD16D2886D005A62B0 /* AppDelegate.m */ = {isa = PBXFileReference; lastKnownFileType = sourcecode.c.objc; path = AppDelegate.m; sourceTree = "<group>"; };
		94C025CF16D2886D005A62B0 /* Default.png */ = {isa = PBXFileReference; lastKnownFileType = image.png; path = Default.png; sourceTree = "<group>"; };
		94C025D116D2886D005A62B0 /* Default@2x.png */ = {isa = PBXFileReference; lastKnownFileType = image.png; path = "Default@2x.png"; sourceTree = "<group>"; };
		94C025D316D2886D005A62B0 /* Default-568h@2x.png */ = {isa = PBXFileReference; lastKnownFileType = image.png; path = "Default-568h@2x.png"; sourceTree = "<group>"; };
		94C025D516D2886D005A62B0 /* ViewController.h */ = {isa = PBXFileReference; lastKnownFileType = sourcecode.c.h; path = ViewController.h; sourceTree = "<group>"; };
		94C025D616D2886D005A62B0 /* ViewController.m */ = {isa = PBXFileReference; lastKnownFileType = sourcecode.c.objc; path = ViewController.m; sourceTree = "<group>"; };
		94C025D916D2886D005A62B0 /* en */ = {isa = PBXFileReference; lastKnownFileType = file.xib; name = en; path = en.lproj/ViewController.xib; sourceTree = "<group>"; };
/* End PBXFileReference section */

/* Begin PBXFrameworksBuildPhase section */
		94C025B716D2886D005A62B0 /* Frameworks */ = {
			isa = PBXFrameworksBuildPhase;
			buildActionMask = 2147483647;
			files = (
				94C025BE16D2886D005A62B0 /* UIKit.framework in Frameworks */,
				94C025C016D2886D005A62B0 /* Foundation.framework in Frameworks */,
				94C025C216D2886D005A62B0 /* CoreGraphics.framework in Frameworks */,
			);
			runOnlyForDeploymentPostprocessing = 0;
		};
/* End PBXFrameworksBuildPhase section */

/* Begin PBXGroup section */
		94C025B116D2886D005A62B0 = {
			isa = PBXGroup;
			children = (
				94C025C316D2886D005A62B0 /* BasicInteraction */,
				94C025BC16D2886D005A62B0 /* Frameworks */,
				94C025BB16D2886D005A62B0 /* Products */,
			);
			sourceTree = "<group>";
		};
		94C025BB16D2886D005A62B0 /* Products */ = {
			isa = PBXGroup;
			children = (
				94C025BA16D2886D005A62B0 /* BasicInteraction.app */,
			);
			name = Products;
			sourceTree = "<group>";
		};
		94C025BC16D2886D005A62B0 /* Frameworks */ = {
			isa = PBXGroup;
			children = (
				94C025BD16D2886D005A62B0 /* UIKit.framework */,
				94C025BF16D2886D005A62B0 /* Foundation.framework */,
				94C025C116D2886D005A62B0 /* CoreGraphics.framework */,
			);
			name = Frameworks;
			sourceTree = "<group>";
		};
		94C025C316D2886D005A62B0 /* BasicInteraction */ = {
			isa = PBXGroup;
			children = (
				94C025CC16D2886D005A62B0 /* AppDelegate.h */,
				94C025CD16D2886D005A62B0 /* AppDelegate.m */,
				94C025D516D2886D005A62B0 /* ViewController.h */,
				94C025D616D2886D005A62B0 /* ViewController.m */,
				94C025D816D2886D005A62B0 /* ViewController.xib */,
				94C025C416D2886D005A62B0 /* Supporting Files */,
			);
			path = BasicInteraction;
			sourceTree = "<group>";
		};
		94C025C416D2886D005A62B0 /* Supporting Files */ = {
			isa = PBXGroup;
			children = (
				94C025C516D2886D005A62B0 /* BasicInteraction-Info.plist */,
				94C025C616D2886D005A62B0 /* InfoPlist.strings */,
				94C025C916D2886D005A62B0 /* main.m */,
				94C025CB16D2886D005A62B0 /* BasicInteraction-Prefix.pch */,
				94C025CF16D2886D005A62B0 /* Default.png */,
				94C025D116D2886D005A62B0 /* Default@2x.png */,
				94C025D316D2886D005A62B0 /* Default-568h@2x.png */,
			);
			name = "Supporting Files";
			sourceTree = "<group>";
		};
/* End PBXGroup section */

/* Begin PBXNativeTarget section */
		94C025B916D2886D005A62B0 /* BasicInteraction */ = {
			isa = PBXNativeTarget;
			buildConfigurationList = 94C025DD16D2886D005A62B0 /* Build configuration list for PBXNativeTarget "BasicInteraction" */;
			buildPhases = (
				94C025B616D2886D005A62B0 /* Sources */,
				94C025B716D2886D005A62B0 /* Frameworks */,
				94C025B816D2886D005A62B0 /* Resources */,
			);
			buildRules = (
			);
			dependencies = (
			);
			name = BasicInteraction;
			productName = BasicInteraction;
			productReference = 94C025BA16D2886D005A62B0 /* BasicInteraction.app */;
			productType = "com.apple.product-type.application";
		};
/* End PBXNativeTarget section */

/* Begin PBXProject section */
		94C025B216D2886D005A62B0 /* Project object */ = {
			isa = PBXProject;
			attributes = {
				LastUpgradeCheck = 0460;
				ORGANIZATIONNAME = Ryan;
			};
			buildConfigurationList = 94C025B516D2886D005A62B0 /* Build configuration list for PBXProject "BasicInteraction" */;
			compatibilityVersion = "Xcode 3.2";
			developmentRegion = English;
			hasScannedForEncodings = 0;
			knownRegions = (
				en,
			);
			mainGroup = 94C025B116D2886D005A62B0;
			productRefGroup = 94C025BB16D2886D005A62B0 /* Products */;
			projectDirPath = "";
			projectRoot = "";
			targets = (
				94C025B916D2886D005A62B0 /* BasicInteraction */,
			);
		};
/* End PBXProject section */

/* Begin PBXResourcesBuildPhase section */
		94C025B816D2886D005A62B0 /* Resources */ = {
			isa = PBXResourcesBuildPhase;
			buildActionMask = 2147483647;
			files = (
				94C025C816D2886D005A62B0 /* InfoPlist.strings in Resources */,
				94C025D016D2886D005A62B0 /* Default.png in Resources */,
				94C025D216D2886D005A62B0 /* Default@2x.png in Resources */,
				94C025D416D2886D005A62B0 /* Default-568h@2x.png in Resources */,
				94C025DA16D2886D005A62B0 /* ViewController.xib in Resources */,
			);
			runOnlyForDeploymentPostprocessing = 0;
		};
/* End PBXResourcesBuildPhase section */

/* Begin PBXSourcesBuildPhase section */
		94C025B616D2886D005A62B0 /* Sources */ = {
			isa = PBXSourcesBuildPhase;
			buildActionMask = 2147483647;
			files = (
				94C025CA16D2886D005A62B0 /* main.m in Sources */,
				94C025CE16D2886D005A62B0 /* AppDelegate.m in Sources */,
				94C025D716D2886D005A62B0 /* ViewController.m in Sources */,
			);
			runOnlyForDeploymentPostprocessing = 0;
		};
/* End PBXSourcesBuildPhase section */

/* Begin PBXVariantGroup section */
		94C025C616D2886D005A62B0 /* InfoPlist.strings */ = {
			isa = PBXVariantGroup;
			children = (
				94C025C716D2886D005A62B0 /* en */,
			);
			name = InfoPlist.strings;
			sourceTree = "<group>";
		};
		94C025D816D2886D005A62B0 /* ViewController.xib */ = {
			isa = PBXVariantGroup;
			children = (
				94C025D916D2886D005A62B0 /* en */,
			);
			name = ViewController.xib;
			sourceTree = "<group>";
		};
/* End PBXVariantGroup section */

/* Begin XCBuildConfiguration section */
		94C025DB16D2886D005A62B0 /* Debug */ = {
			isa = XCBuildConfiguration;
			buildSettings = {
				ALWAYS_SEARCH_USER_PATHS = NO;
				CLANG_CXX_LANGUAGE_STANDARD = "gnu++0x";
				CLANG_CXX_LIBRARY = "libc++";
				CLANG_ENABLE_OBJC_ARC = YES;
				CLANG_WARN_CONSTANT_CONVERSION = YES;
				CLANG_WARN_EMPTY_BODY = YES;
				CLANG_WARN_ENUM_CONVERSION = YES;
				CLANG_WARN_INT_CONVERSION = YES;
				CLANG_WARN__DUPLICATE_METHOD_MATCH = YES;
				"CODE_SIGN_IDENTITY[sdk=iphoneos*]" = "iPhone Developer";
				COPY_PHASE_STRIP = NO;
				GCC_C_LANGUAGE_STANDARD = gnu99;
				GCC_DYNAMIC_NO_PIC = NO;
				GCC_OPTIMIZATION_LEVEL = 0;
				GCC_PREPROCESSOR_DEFINITIONS = (
					"DEBUG=1",
					"$(inherited)",
				);
				GCC_SYMBOLS_PRIVATE_EXTERN = NO;
				GCC_WARN_ABOUT_RETURN_TYPE = YES;
				GCC_WARN_UNINITIALIZED_AUTOS = YES;
				GCC_WARN_UNUSED_VARIABLE = YES;
				IPHONEOS_DEPLOYMENT_TARGET = 6.1;
				ONLY_ACTIVE_ARCH = YES;
				SDKROOT = iphoneos;
			};
			name = Debug;
		};
		94C025DC16D2886D005A62B0 /* Release */ = {
			isa = XCBuildConfiguration;
			buildSettings = {
				ALWAYS_SEARCH_USER_PATHS = NO;
				CLANG_CXX_LANGUAGE_STANDARD = "gnu++0x";
				CLANG_CXX_LIBRARY = "libc++";
				CLANG_ENABLE_OBJC_ARC = YES;
				CLANG_WARN_CONSTANT_CONVERSION = YES;
				CLANG_WARN_EMPTY_BODY = YES;
				CLANG_WARN_ENUM_CONVERSION = YES;
				CLANG_WARN_INT_CONVERSION = YES;
				CLANG_WARN__DUPLICATE_METHOD_MATCH = YES;
				"CODE_SIGN_IDENTITY[sdk=iphoneos*]" = "iPhone Developer";
				COPY_PHASE_STRIP = YES;
				GCC_C_LANGUAGE_STANDARD = gnu99;
				GCC_WARN_ABOUT_RETURN_TYPE = YES;
				GCC_WARN_UNINITIALIZED_AUTOS = YES;
				GCC_WARN_UNUSED_VARIABLE = YES;
				IPHONEOS_DEPLOYMENT_TARGET = 6.1;
				OTHER_CFLAGS = "-DNS_BLOCK_ASSERTIONS=1";
				SDKROOT = iphoneos;
				VALIDATE_PRODUCT = YES;
			};
			name = Release;
		};
		94C025DE16D2886D005A62B0 /* Debug */ = {
			isa = XCBuildConfiguration;
			buildSettings = {
				GCC_PRECOMPILE_PREFIX_HEADER = YES;
				GCC_PREFIX_HEADER = "BasicInteraction/BasicInteraction-Prefix.pch";
				INFOPLIST_FILE = "BasicInteraction/BasicInteraction-Info.plist";
				PRODUCT_NAME = "$(TARGET_NAME)";
				WRAPPER_EXTENSION = app;
			};
			name = Debug;
		};
		94C025DF16D2886D005A62B0 /* Release */ = {
			isa = XCBuildConfiguration;
			buildSettings = {
				GCC_PRECOMPILE_PREFIX_HEADER = YES;
				GCC_PREFIX_HEADER = "BasicInteraction/BasicInteraction-Prefix.pch";
				INFOPLIST_FILE = "BasicInteraction/BasicInteraction-Info.plist";
				PRODUCT_NAME = "$(TARGET_NAME)";
				WRAPPER_EXTENSION = app;
			};
			name = Release;
		};
/* End XCBuildConfiguration section */

/* Begin XCConfigurationList section */
		94C025B516D2886D005A62B0 /* Build configuration list for PBXProject "BasicInteraction" */ = {
			isa = XCConfigurationList;
			buildConfigurations = (
				94C025DB16D2886D005A62B0 /* Debug */,
				94C025DC16D2886D005A62B0 /* Release */,
			);
			defaultConfigurationIsVisible = 0;
			defaultConfigurationName = Release;
		};
		94C025DD16D2886D005A62B0 /* Build configuration list for PBXNativeTarget "BasicInteraction" */ = {
			isa = XCConfigurationList;
			buildConfigurations = (
				94C025DE16D2886D005A62B0 /* Debug */,
				94C025DF16D2886D005A62B0 /* Release */,
			);
			defaultConfigurationIsVisible = 0;
		};
/* End XCConfigurationList section */
	};
	rootObject = 94C025B216D2886D005A62B0 /* Project object */;
}
