// !$*UTF8*$!
{
	archiveVersion = 1;
	classes = {
	};
	objectVersion = 46;
	objects = {

/* Begin PBXBuildFile section */
		94BEBB9716E53F4E00C4C5CC /* UIKit.framework in Frameworks */ = {isa = PBXBuildFile; fileRef = 94BEBB9616E53F4E00C4C5CC /* UIKit.framework */; };
		94BEBB9916E53F4E00C4C5CC /* Foundation.framework in Frameworks */ = {isa = PBXBuildFile; fileRef = 94BEBB9816E53F4E00C4C5CC /* Foundation.framework */; };
		94BEBB9B16E53F4E00C4C5CC /* CoreGraphics.framework in Frameworks */ = {isa = PBXBuildFile; fileRef = 94BEBB9A16E53F4E00C4C5CC /* CoreGraphics.framework */; };
		94BEBBA116E53F4E00C4C5CC /* InfoPlist.strings in Resources */ = {isa = PBXBuildFile; fileRef = 94BEBB9F16E53F4E00C4C5CC /* InfoPlist.strings */; };
		94BEBBA316E53F4E00C4C5CC /* main.m in Sources */ = {isa = PBXBuildFile; fileRef = 94BEBBA216E53F4E00C4C5CC /* main.m */; };
		94BEBBA716E53F4E00C4C5CC /* AppDelegate.m in Sources */ = {isa = PBXBuildFile; fileRef = 94BEBBA616E53F4E00C4C5CC /* AppDelegate.m */; };
		94BEBBA916E53F4E00C4C5CC /* Default.png in Resources */ = {isa = PBXBuildFile; fileRef = 94BEBBA816E53F4E00C4C5CC /* Default.png */; };
		94BEBBAB16E53F4E00C4C5CC /* Default@2x.png in Resources */ = {isa = PBXBuildFile; fileRef = 94BEBBAA16E53F4E00C4C5CC /* Default@2x.png */; };
		94BEBBAD16E53F4E00C4C5CC /* Default-568h@2x.png in Resources */ = {isa = PBXBuildFile; fileRef = 94BEBBAC16E53F4E00C4C5CC /* Default-568h@2x.png */; };
		94BEBBB016E53F4E00C4C5CC /* FirstViewController.m in Sources */ = {isa = PBXBuildFile; fileRef = 94BEBBAF16E53F4E00C4C5CC /* FirstViewController.m */; };
		94BEBBB216E53F4E00C4C5CC /* first.png in Resources */ = {isa = PBXBuildFile; fileRef = 94BEBBB116E53F4E00C4C5CC /* first.png */; };
		94BEBBB416E53F4E00C4C5CC /* first@2x.png in Resources */ = {isa = PBXBuildFile; fileRef = 94BEBBB316E53F4E00C4C5CC /* first@2x.png */; };
		94BEBBB716E53F4E00C4C5CC /* SecondViewController.m in Sources */ = {isa = PBXBuildFile; fileRef = 94BEBBB616E53F4E00C4C5CC /* SecondViewController.m */; };
		94BEBBB916E53F4E00C4C5CC /* second.png in Resources */ = {isa = PBXBuildFile; fileRef = 94BEBBB816E53F4E00C4C5CC /* second.png */; };
		94BEBBBB16E53F4E00C4C5CC /* second@2x.png in Resources */ = {isa = PBXBuildFile; fileRef = 94BEBBBA16E53F4E00C4C5CC /* second@2x.png */; };
		94BEBBBE16E53F4E00C4C5CC /* FirstViewController.xib in Resources */ = {isa = PBXBuildFile; fileRef = 94BEBBBC16E53F4E00C4C5CC /* FirstViewController.xib */; };
		94BEBBC116E53F4E00C4C5CC /* SecondViewController.xib in Resources */ = {isa = PBXBuildFile; fileRef = 94BEBBBF16E53F4E00C4C5CC /* SecondViewController.xib */; };
		94BEBBD416E5439500C4C5CC /* ThirdViewController.m in Sources */ = {isa = PBXBuildFile; fileRef = 94BEBBD216E5439500C4C5CC /* ThirdViewController.m */; };
		94BEBBD516E5439500C4C5CC /* ThirdViewController.xib in Resources */ = {isa = PBXBuildFile; fileRef = 94BEBBD316E5439500C4C5CC /* ThirdViewController.xib */; };
/* End PBXBuildFile section */

/* Begin PBXFileReference section */
		94BEBB9316E53F4E00C4C5CC /* TabbedExample.app */ = {isa = PBXFileReference; explicitFileType = wrapper.application; includeInIndex = 0; path = TabbedExample.app; sourceTree = BUILT_PRODUCTS_DIR; };
		94BEBB9616E53F4E00C4C5CC /* UIKit.framework */ = {isa = PBXFileReference; lastKnownFileType = wrapper.framework; name = UIKit.framework; path = System/Library/Frameworks/UIKit.framework; sourceTree = SDKROOT; };
		94BEBB9816E53F4E00C4C5CC /* Foundation.framework */ = {isa = PBXFileReference; lastKnownFileType = wrapper.framework; name = Foundation.framework; path = System/Library/Frameworks/Foundation.framework; sourceTree = SDKROOT; };
		94BEBB9A16E53F4E00C4C5CC /* CoreGraphics.framework */ = {isa = PBXFileReference; lastKnownFileType = wrapper.framework; name = CoreGraphics.framework; path = System/Library/Frameworks/CoreGraphics.framework; sourceTree = SDKROOT; };
		94BEBB9E16E53F4E00C4C5CC /* TabbedExample-Info.plist */ = {isa = PBXFileReference; lastKnownFileType = text.plist.xml; path = "TabbedExample-Info.plist"; sourceTree = "<group>"; };
		94BEBBA016E53F4E00C4C5CC /* en */ = {isa = PBXFileReference; lastKnownFileType = text.plist.strings; name = en; path = en.lproj/InfoPlist.strings; sourceTree = "<group>"; };
		94BEBBA216E53F4E00C4C5CC /* main.m */ = {isa = PBXFileReference; lastKnownFileType = sourcecode.c.objc; path = main.m; sourceTree = "<group>"; };
		94BEBBA416E53F4E00C4C5CC /* TabbedExample-Prefix.pch */ = {isa = PBXFileReference; lastKnownFileType = sourcecode.c.h; path = "TabbedExample-Prefix.pch"; sourceTree = "<group>"; };
		94BEBBA516E53F4E00C4C5CC /* AppDelegate.h */ = {isa = PBXFileReference; lastKnownFileType = sourcecode.c.h; path = AppDelegate.h; sourceTree = "<group>"; };
		94BEBBA616E53F4E00C4C5CC /* AppDelegate.m */ = {isa = PBXFileReference; lastKnownFileType = sourcecode.c.objc; path = AppDelegate.m; sourceTree = "<group>"; };
		94BEBBA816E53F4E00C4C5CC /* Default.png */ = {isa = PBXFileReference; lastKnownFileType = image.png; path = Default.png; sourceTree = "<group>"; };
		94BEBBAA16E53F4E00C4C5CC /* Default@2x.png */ = {isa = PBXFileReference; lastKnownFileType = image.png; path = "Default@2x.png"; sourceTree = "<group>"; };
		94BEBBAC16E53F4E00C4C5CC /* Default-568h@2x.png */ = {isa = PBXFileReference; lastKnownFileType = image.png; path = "Default-568h@2x.png"; sourceTree = "<group>"; };
		94BEBBAE16E53F4E00C4C5CC /* FirstViewController.h */ = {isa = PBXFileReference; lastKnownFileType = sourcecode.c.h; path = FirstViewController.h; sourceTree = "<group>"; };
		94BEBBAF16E53F4E00C4C5CC /* FirstViewController.m */ = {isa = PBXFileReference; lastKnownFileType = sourcecode.c.objc; path = FirstViewController.m; sourceTree = "<group>"; };
		94BEBBB116E53F4E00C4C5CC /* first.png */ = {isa = PBXFileReference; lastKnownFileType = image.png; path = first.png; sourceTree = "<group>"; };
		94BEBBB316E53F4E00C4C5CC /* first@2x.png */ = {isa = PBXFileReference; lastKnownFileType = image.png; path = "first@2x.png"; sourceTree = "<group>"; };
		94BEBBB516E53F4E00C4C5CC /* SecondViewController.h */ = {isa = PBXFileReference; lastKnownFileType = sourcecode.c.h; path = SecondViewController.h; sourceTree = "<group>"; };
		94BEBBB616E53F4E00C4C5CC /* SecondViewController.m */ = {isa = PBXFileReference; lastKnownFileType = sourcecode.c.objc; path = SecondViewController.m; sourceTree = "<group>"; };
		94BEBBB816E53F4E00C4C5CC /* second.png */ = {isa = PBXFileReference; lastKnownFileType = image.png; path = second.png; sourceTree = "<group>"; };
		94BEBBBA16E53F4E00C4C5CC /* second@2x.png */ = {isa = PBXFileReference; lastKnownFileType = image.png; path = "second@2x.png"; sourceTree = "<group>"; };
		94BEBBBD16E53F4E00C4C5CC /* en */ = {isa = PBXFileReference; lastKnownFileType = file.xib; name = en; path = en.lproj/FirstViewController.xib; sourceTree = "<group>"; };
		94BEBBC016E53F4E00C4C5CC /* en */ = {isa = PBXFileReference; lastKnownFileType = file.xib; name = en; path = en.lproj/SecondViewController.xib; sourceTree = "<group>"; };
		94BEBBD116E5439500C4C5CC /* ThirdViewController.h */ = {isa = PBXFileReference; fileEncoding = 4; lastKnownFileType = sourcecode.c.h; path = ThirdViewController.h; sourceTree = "<group>"; };
		94BEBBD216E5439500C4C5CC /* ThirdViewController.m */ = {isa = PBXFileReference; fileEncoding = 4; lastKnownFileType = sourcecode.c.objc; path = ThirdViewController.m; sourceTree = "<group>"; };
		94BEBBD316E5439500C4C5CC /* ThirdViewController.xib */ = {isa = PBXFileReference; fileEncoding = 4; lastKnownFileType = file.xib; path = ThirdViewController.xib; sourceTree = "<group>"; };
/* End PBXFileReference section */

/* Begin PBXFrameworksBuildPhase section */
		94BEBB9016E53F4E00C4C5CC /* Frameworks */ = {
			isa = PBXFrameworksBuildPhase;
			buildActionMask = 2147483647;
			files = (
				94BEBB9716E53F4E00C4C5CC /* UIKit.framework in Frameworks */,
				94BEBB9916E53F4E00C4C5CC /* Foundation.framework in Frameworks */,
				94BEBB9B16E53F4E00C4C5CC /* CoreGraphics.framework in Frameworks */,
			);
			runOnlyForDeploymentPostprocessing = 0;
		};
/* End PBXFrameworksBuildPhase section */

/* Begin PBXGroup section */
		94BEBB8A16E53F4E00C4C5CC = {
			isa = PBXGroup;
			children = (
				94BEBB9C16E53F4E00C4C5CC /* TabbedExample */,
				94BEBB9516E53F4E00C4C5CC /* Frameworks */,
				94BEBB9416E53F4E00C4C5CC /* Products */,
			);
			sourceTree = "<group>";
		};
		94BEBB9416E53F4E00C4C5CC /* Products */ = {
			isa = PBXGroup;
			children = (
				94BEBB9316E53F4E00C4C5CC /* TabbedExample.app */,
			);
			name = Products;
			sourceTree = "<group>";
		};
		94BEBB9516E53F4E00C4C5CC /* Frameworks */ = {
			isa = PBXGroup;
			children = (
				94BEBB9616E53F4E00C4C5CC /* UIKit.framework */,
				94BEBB9816E53F4E00C4C5CC /* Foundation.framework */,
				94BEBB9A16E53F4E00C4C5CC /* CoreGraphics.framework */,
			);
			name = Frameworks;
			sourceTree = "<group>";
		};
		94BEBB9C16E53F4E00C4C5CC /* TabbedExample */ = {
			isa = PBXGroup;
			children = (
				94BEBBA516E53F4E00C4C5CC /* AppDelegate.h */,
				94BEBBA616E53F4E00C4C5CC /* AppDelegate.m */,
				94BEBBAE16E53F4E00C4C5CC /* FirstViewController.h */,
				94BEBBAF16E53F4E00C4C5CC /* FirstViewController.m */,
				94BEBBB116E53F4E00C4C5CC /* first.png */,
				94BEBBD116E5439500C4C5CC /* ThirdViewController.h */,
				94BEBBD216E5439500C4C5CC /* ThirdViewController.m */,
				94BEBBD316E5439500C4C5CC /* ThirdViewController.xib */,
				94BEBBB316E53F4E00C4C5CC /* first@2x.png */,
				94BEBBB516E53F4E00C4C5CC /* SecondViewController.h */,
				94BEBBB616E53F4E00C4C5CC /* SecondViewController.m */,
				94BEBBB816E53F4E00C4C5CC /* second.png */,
				94BEBBBA16E53F4E00C4C5CC /* second@2x.png */,
				94BEBBBC16E53F4E00C4C5CC /* FirstViewController.xib */,
				94BEBBBF16E53F4E00C4C5CC /* SecondViewController.xib */,
				94BEBB9D16E53F4E00C4C5CC /* Supporting Files */,
			);
			path = TabbedExample;
			sourceTree = "<group>";
		};
		94BEBB9D16E53F4E00C4C5CC /* Supporting Files */ = {
			isa = PBXGroup;
			children = (
				94BEBB9E16E53F4E00C4C5CC /* TabbedExample-Info.plist */,
				94BEBB9F16E53F4E00C4C5CC /* InfoPlist.strings */,
				94BEBBA216E53F4E00C4C5CC /* main.m */,
				94BEBBA416E53F4E00C4C5CC /* TabbedExample-Prefix.pch */,
				94BEBBA816E53F4E00C4C5CC /* Default.png */,
				94BEBBAA16E53F4E00C4C5CC /* Default@2x.png */,
				94BEBBAC16E53F4E00C4C5CC /* Default-568h@2x.png */,
			);
			name = "Supporting Files";
			sourceTree = "<group>";
		};
/* End PBXGroup section */

/* Begin PBXNativeTarget section */
		94BEBB9216E53F4E00C4C5CC /* TabbedExample */ = {
			isa = PBXNativeTarget;
			buildConfigurationList = 94BEBBC416E53F4E00C4C5CC /* Build configuration list for PBXNativeTarget "TabbedExample" */;
			buildPhases = (
				94BEBB8F16E53F4E00C4C5CC /* Sources */,
				94BEBB9016E53F4E00C4C5CC /* Frameworks */,
				94BEBB9116E53F4E00C4C5CC /* Resources */,
			);
			buildRules = (
			);
			dependencies = (
			);
			name = TabbedExample;
			productName = TabbedExample;
			productReference = 94BEBB9316E53F4E00C4C5CC /* TabbedExample.app */;
			productType = "com.apple.product-type.application";
		};
/* End PBXNativeTarget section */

/* Begin PBXProject section */
		94BEBB8B16E53F4E00C4C5CC /* Project object */ = {
			isa = PBXProject;
			attributes = {
				LastUpgradeCheck = 0460;
				ORGANIZATIONNAME = Ryan;
			};
			buildConfigurationList = 94BEBB8E16E53F4E00C4C5CC /* Build configuration list for PBXProject "TabbedExample" */;
			compatibilityVersion = "Xcode 3.2";
			developmentRegion = English;
			hasScannedForEncodings = 0;
			knownRegions = (
				en,
			);
			mainGroup = 94BEBB8A16E53F4E00C4C5CC;
			productRefGroup = 94BEBB9416E53F4E00C4C5CC /* Products */;
			projectDirPath = "";
			projectRoot = "";
			targets = (
				94BEBB9216E53F4E00C4C5CC /* TabbedExample */,
			);
		};
/* End PBXProject section */

/* Begin PBXResourcesBuildPhase section */
		94BEBB9116E53F4E00C4C5CC /* Resources */ = {
			isa = PBXResourcesBuildPhase;
			buildActionMask = 2147483647;
			files = (
				94BEBBA116E53F4E00C4C5CC /* InfoPlist.strings in Resources */,
				94BEBBA916E53F4E00C4C5CC /* Default.png in Resources */,
				94BEBBAB16E53F4E00C4C5CC /* Default@2x.png in Resources */,
				94BEBBAD16E53F4E00C4C5CC /* Default-568h@2x.png in Resources */,
				94BEBBB216E53F4E00C4C5CC /* first.png in Resources */,
				94BEBBB416E53F4E00C4C5CC /* first@2x.png in Resources */,
				94BEBBB916E53F4E00C4C5CC /* second.png in Resources */,
				94BEBBBB16E53F4E00C4C5CC /* second@2x.png in Resources */,
				94BEBBBE16E53F4E00C4C5CC /* FirstViewController.xib in Resources */,
				94BEBBC116E53F4E00C4C5CC /* SecondViewController.xib in Resources */,
				94BEBBD516E5439500C4C5CC /* ThirdViewController.xib in Resources */,
			);
			runOnlyForDeploymentPostprocessing = 0;
		};
/* End PBXResourcesBuildPhase section */

/* Begin PBXSourcesBuildPhase section */
		94BEBB8F16E53F4E00C4C5CC /* Sources */ = {
			isa = PBXSourcesBuildPhase;
			buildActionMask = 2147483647;
			files = (
				94BEBBA316E53F4E00C4C5CC /* main.m in Sources */,
				94BEBBA716E53F4E00C4C5CC /* AppDelegate.m in Sources */,
				94BEBBB016E53F4E00C4C5CC /* FirstViewController.m in Sources */,
				94BEBBB716E53F4E00C4C5CC /* SecondViewController.m in Sources */,
				94BEBBD416E5439500C4C5CC /* ThirdViewController.m in Sources */,
			);
			runOnlyForDeploymentPostprocessing = 0;
		};
/* End PBXSourcesBuildPhase section */

/* Begin PBXVariantGroup section */
		94BEBB9F16E53F4E00C4C5CC /* InfoPlist.strings */ = {
			isa = PBXVariantGroup;
			children = (
				94BEBBA016E53F4E00C4C5CC /* en */,
			);
			name = InfoPlist.strings;
			sourceTree = "<group>";
		};
		94BEBBBC16E53F4E00C4C5CC /* FirstViewController.xib */ = {
			isa = PBXVariantGroup;
			children = (
				94BEBBBD16E53F4E00C4C5CC /* en */,
			);
			name = FirstViewController.xib;
			sourceTree = "<group>";
		};
		94BEBBBF16E53F4E00C4C5CC /* SecondViewController.xib */ = {
			isa = PBXVariantGroup;
			children = (
				94BEBBC016E53F4E00C4C5CC /* en */,
			);
			name = SecondViewController.xib;
			sourceTree = "<group>";
		};
/* End PBXVariantGroup section */

/* Begin XCBuildConfiguration section */
		94BEBBC216E53F4E00C4C5CC /* Debug */ = {
			isa = XCBuildConfiguration;
			buildSettings = {
				ALWAYS_SEARCH_USER_PATHS = NO;
				CLANG_CXX_LANGUAGE_STANDARD = "gnu++0x";
				CLANG_CXX_LIBRARY = "libc++";
				CLANG_ENABLE_OBJC_ARC = YES;
				CLANG_WARN_CONSTANT_CONVERSION = YES;
				CLANG_WARN_EMPTY_BODY = YES;
				CLANG_WARN_ENUM_CONVERSION = YES;
				CLANG_WARN_INT_CONVERSION = YES;
				CLANG_WARN__DUPLICATE_METHOD_MATCH = YES;
				"CODE_SIGN_IDENTITY[sdk=iphoneos*]" = "iPhone Developer";
				COPY_PHASE_STRIP = NO;
				GCC_C_LANGUAGE_STANDARD = gnu99;
				GCC_DYNAMIC_NO_PIC = NO;
				GCC_OPTIMIZATION_LEVEL = 0;
				GCC_PREPROCESSOR_DEFINITIONS = (
					"DEBUG=1",
					"$(inherited)",
				);
				GCC_SYMBOLS_PRIVATE_EXTERN = NO;
				GCC_WARN_ABOUT_RETURN_TYPE = YES;
				GCC_WARN_UNINITIALIZED_AUTOS = YES;
				GCC_WARN_UNUSED_VARIABLE = YES;
				IPHONEOS_DEPLOYMENT_TARGET = 6.1;
				ONLY_ACTIVE_ARCH = YES;
				SDKROOT = iphoneos;
			};
			name = Debug;
		};
		94BEBBC316E53F4E00C4C5CC /* Release */ = {
			isa = XCBuildConfiguration;
			buildSettings = {
				ALWAYS_SEARCH_USER_PATHS = NO;
				CLANG_CXX_LANGUAGE_STANDARD = "gnu++0x";
				CLANG_CXX_LIBRARY = "libc++";
				CLANG_ENABLE_OBJC_ARC = YES;
				CLANG_WARN_CONSTANT_CONVERSION = YES;
				CLANG_WARN_EMPTY_BODY = YES;
				CLANG_WARN_ENUM_CONVERSION = YES;
				CLANG_WARN_INT_CONVERSION = YES;
				CLANG_WARN__DUPLICATE_METHOD_MATCH = YES;
				"CODE_SIGN_IDENTITY[sdk=iphoneos*]" = "iPhone Developer";
				COPY_PHASE_STRIP = YES;
				GCC_C_LANGUAGE_STANDARD = gnu99;
				GCC_WARN_ABOUT_RETURN_TYPE = YES;
				GCC_WARN_UNINITIALIZED_AUTOS = YES;
				GCC_WARN_UNUSED_VARIABLE = YES;
				IPHONEOS_DEPLOYMENT_TARGET = 6.1;
				OTHER_CFLAGS = "-DNS_BLOCK_ASSERTIONS=1";
				SDKROOT = iphoneos;
				VALIDATE_PRODUCT = YES;
			};
			name = Release;
		};
		94BEBBC516E53F4E00C4C5CC /* Debug */ = {
			isa = XCBuildConfiguration;
			buildSettings = {
				GCC_PRECOMPILE_PREFIX_HEADER = YES;
				GCC_PREFIX_HEADER = "TabbedExample/TabbedExample-Prefix.pch";
				INFOPLIST_FILE = "TabbedExample/TabbedExample-Info.plist";
				PRODUCT_NAME = "$(TARGET_NAME)";
				WRAPPER_EXTENSION = app;
			};
			name = Debug;
		};
		94BEBBC616E53F4E00C4C5CC /* Release */ = {
			isa = XCBuildConfiguration;
			buildSettings = {
				GCC_PRECOMPILE_PREFIX_HEADER = YES;
				GCC_PREFIX_HEADER = "TabbedExample/TabbedExample-Prefix.pch";
				INFOPLIST_FILE = "TabbedExample/TabbedExample-Info.plist";
				PRODUCT_NAME = "$(TARGET_NAME)";
				WRAPPER_EXTENSION = app;
			};
			name = Release;
		};
/* End XCBuildConfiguration section */

/* Begin XCConfigurationList section */
		94BEBB8E16E53F4E00C4C5CC /* Build configuration list for PBXProject "TabbedExample" */ = {
			isa = XCConfigurationList;
			buildConfigurations = (
				94BEBBC216E53F4E00C4C5CC /* Debug */,
				94BEBBC316E53F4E00C4C5CC /* Release */,
			);
			defaultConfigurationIsVisible = 0;
			defaultConfigurationName = Release;
		};
		94BEBBC416E53F4E00C4C5CC /* Build configuration list for PBXNativeTarget "TabbedExample" */ = {
			isa = XCConfigurationList;
			buildConfigurations = (
				94BEBBC516E53F4E00C4C5CC /* Debug */,
				94BEBBC616E53F4E00C4C5CC /* Release */,
			);
			defaultConfigurationIsVisible = 0;
		};
/* End XCConfigurationList section */
	};
	rootObject = 94BEBB8B16E53F4E00C4C5CC /* Project object */;
}
